// !$*UTF8*$!
{
	archiveVersion = 1;
	classes = {
	};
	objectVersion = 51;
	objects = {

/* Begin PBXBuildFile section */
		9DA5B85525DC2DD900D52CEB /* AppDelegate.swift in Sources */ = {isa = PBXBuildFile; fileRef = 9DA5B85425DC2DD900D52CEB /* AppDelegate.swift */; };
		9DA5B85C25DC2DD900D52CEB /* Main.storyboard in Resources */ = {isa = PBXBuildFile; fileRef = 9DA5B85A25DC2DD900D52CEB /* Main.storyboard */; };
		9DA5B85E25DC2DDB00D52CEB /* Assets.xcassets in Resources */ = {isa = PBXBuildFile; fileRef = 9DA5B85D25DC2DDB00D52CEB /* Assets.xcassets */; };
		9DA5B86125DC2DDB00D52CEB /* LaunchScreen.storyboard in Resources */ = {isa = PBXBuildFile; fileRef = 9DA5B85F25DC2DDB00D52CEB /* LaunchScreen.storyboard */; };
		9DA5B86E25DC2E0800D52CEB /* AppDelegate.swift in Sources */ = {isa = PBXBuildFile; fileRef = 9DA5B85425DC2DD900D52CEB /* AppDelegate.swift */; };
		9DA5B87125DC2E0800D52CEB /* LaunchScreen.storyboard in Resources */ = {isa = PBXBuildFile; fileRef = 9DA5B85F25DC2DDB00D52CEB /* LaunchScreen.storyboard */; };
		9DA5B87225DC2E0800D52CEB /* Assets.xcassets in Resources */ = {isa = PBXBuildFile; fileRef = 9DA5B85D25DC2DDB00D52CEB /* Assets.xcassets */; };
		9DA5B87325DC2E0800D52CEB /* Main.storyboard in Resources */ = {isa = PBXBuildFile; fileRef = 9DA5B85A25DC2DD900D52CEB /* Main.storyboard */; };
		9DA5B89B25DC2F2D00D52CEB /* ConnectionManager.swift in Sources */ = {isa = PBXBuildFile; fileRef = 9DA5B89A25DC2F2D00D52CEB /* ConnectionManager.swift */; };
		9DA5B89C25DC2F2D00D52CEB /* ConnectionManager.swift in Sources */ = {isa = PBXBuildFile; fileRef = 9DA5B89A25DC2F2D00D52CEB /* ConnectionManager.swift */; };
		9DA5B8A925DC302300D52CEB /* Keys.json in Resources */ = {isa = PBXBuildFile; fileRef = 9DA5B8A825DC302300D52CEB /* Keys.json */; };
		9DA5B8AD25DC302D00D52CEB /* Keys.json in Resources */ = {isa = PBXBuildFile; fileRef = 9DA5B8AC25DC302D00D52CEB /* Keys.json */; };
		9DA5B8B425DC311100D52CEB /* Keys.swift in Sources */ = {isa = PBXBuildFile; fileRef = 9DA5B8B325DC311100D52CEB /* Keys.swift */; };
		9DA5B8B525DC311100D52CEB /* Keys.swift in Sources */ = {isa = PBXBuildFile; fileRef = 9DA5B8B325DC311100D52CEB /* Keys.swift */; };
		9DA5B8BB25DC314000D52CEB /* Credential.swift in Sources */ = {isa = PBXBuildFile; fileRef = 9DA5B8BA25DC314000D52CEB /* Credential.swift */; };
		9DA5B8BC25DC314000D52CEB /* Credential.swift in Sources */ = {isa = PBXBuildFile; fileRef = 9DA5B8BA25DC314000D52CEB /* Credential.swift */; };
		9DA5B8C525DC325E00D52CEB /* ArrayDataProvider.swift in Sources */ = {isa = PBXBuildFile; fileRef = 9DA5B8C425DC325E00D52CEB /* ArrayDataProvider.swift */; };
		9DA5B8C625DC325E00D52CEB /* ArrayDataProvider.swift in Sources */ = {isa = PBXBuildFile; fileRef = 9DA5B8C425DC325E00D52CEB /* ArrayDataProvider.swift */; };
		9DA5B8CC25DC327600D52CEB /* GenericDataProvider.swift in Sources */ = {isa = PBXBuildFile; fileRef = 9DA5B8CB25DC327600D52CEB /* GenericDataProvider.swift */; };
		9DA5B8CD25DC327600D52CEB /* GenericDataProvider.swift in Sources */ = {isa = PBXBuildFile; fileRef = 9DA5B8CB25DC327600D52CEB /* GenericDataProvider.swift */; };
		9DA5B8D125DC32E200D52CEB /* CollectionDataSource.swift in Sources */ = {isa = PBXBuildFile; fileRef = 9DA5B8D025DC32E200D52CEB /* CollectionDataSource.swift */; };
		9DA5B8D225DC32E200D52CEB /* CollectionDataSource.swift in Sources */ = {isa = PBXBuildFile; fileRef = 9DA5B8D025DC32E200D52CEB /* CollectionDataSource.swift */; };
		9DA5B8D825DC32F700D52CEB /* CollectionArrayDataSource.swift in Sources */ = {isa = PBXBuildFile; fileRef = 9DA5B8D725DC32F700D52CEB /* CollectionArrayDataSource.swift */; };
		9DA5B8D925DC32F700D52CEB /* CollectionArrayDataSource.swift in Sources */ = {isa = PBXBuildFile; fileRef = 9DA5B8D725DC32F700D52CEB /* CollectionArrayDataSource.swift */; };
		9DA5B8DD25DC331100D52CEB /* TableArrayDataSource.swift in Sources */ = {isa = PBXBuildFile; fileRef = 9DA5B8DC25DC331100D52CEB /* TableArrayDataSource.swift */; };
		9DA5B8DE25DC331100D52CEB /* TableArrayDataSource.swift in Sources */ = {isa = PBXBuildFile; fileRef = 9DA5B8DC25DC331100D52CEB /* TableArrayDataSource.swift */; };
		9DA5B8E225DC332400D52CEB /* TableDataSource.swift in Sources */ = {isa = PBXBuildFile; fileRef = 9DA5B8E125DC332400D52CEB /* TableDataSource.swift */; };
		9DA5B8E325DC332400D52CEB /* TableDataSource.swift in Sources */ = {isa = PBXBuildFile; fileRef = 9DA5B8E125DC332400D52CEB /* TableDataSource.swift */; };
		9DA5B8E725DC336700D52CEB /* CellConfigModel.swift in Sources */ = {isa = PBXBuildFile; fileRef = 9DA5B8E625DC336700D52CEB /* CellConfigModel.swift */; };
		9DA5B8E825DC336700D52CEB /* CellConfigModel.swift in Sources */ = {isa = PBXBuildFile; fileRef = 9DA5B8E625DC336700D52CEB /* CellConfigModel.swift */; };
		9DA5B8EC25DC33A300D52CEB /* ConfigurableCell.swift in Sources */ = {isa = PBXBuildFile; fileRef = 9DA5B8EB25DC33A300D52CEB /* ConfigurableCell.swift */; };
		9DA5B8ED25DC33A300D52CEB /* ConfigurableCell.swift in Sources */ = {isa = PBXBuildFile; fileRef = 9DA5B8EB25DC33A300D52CEB /* ConfigurableCell.swift */; };
		9DA5B8F125DC33BA00D52CEB /* ReusableCell.swift in Sources */ = {isa = PBXBuildFile; fileRef = 9DA5B8F025DC33BA00D52CEB /* ReusableCell.swift */; };
		9DA5B8F225DC33BA00D52CEB /* ReusableCell.swift in Sources */ = {isa = PBXBuildFile; fileRef = 9DA5B8F025DC33BA00D52CEB /* ReusableCell.swift */; };
		9DA5B8FD25DC398900D52CEB /* Router.swift in Sources */ = {isa = PBXBuildFile; fileRef = 9DA5B8F925DC398900D52CEB /* Router.swift */; };
		9DA5B8FE25DC398A00D52CEB /* Router.swift in Sources */ = {isa = PBXBuildFile; fileRef = 9DA5B8F925DC398900D52CEB /* Router.swift */; };
		9DA5B8FF25DC398A00D52CEB /* EndPointType.swift in Sources */ = {isa = PBXBuildFile; fileRef = 9DA5B8FA25DC398900D52CEB /* EndPointType.swift */; };
		9DA5B90025DC398A00D52CEB /* EndPointType.swift in Sources */ = {isa = PBXBuildFile; fileRef = 9DA5B8FA25DC398900D52CEB /* EndPointType.swift */; };
		9DA5B90125DC398A00D52CEB /* HTTPMethod.swift in Sources */ = {isa = PBXBuildFile; fileRef = 9DA5B8FB25DC398900D52CEB /* HTTPMethod.swift */; };
		9DA5B90225DC398A00D52CEB /* HTTPMethod.swift in Sources */ = {isa = PBXBuildFile; fileRef = 9DA5B8FB25DC398900D52CEB /* HTTPMethod.swift */; };
		9DA5B90325DC398A00D52CEB /* HTTPTask.swift in Sources */ = {isa = PBXBuildFile; fileRef = 9DA5B8FC25DC398900D52CEB /* HTTPTask.swift */; };
		9DA5B90425DC398A00D52CEB /* HTTPTask.swift in Sources */ = {isa = PBXBuildFile; fileRef = 9DA5B8FC25DC398900D52CEB /* HTTPTask.swift */; };
		9DA5B90A25DC399200D52CEB /* URLParameterEncoder.swift in Sources */ = {isa = PBXBuildFile; fileRef = 9DA5B90725DC399200D52CEB /* URLParameterEncoder.swift */; };
		9DA5B90B25DC399200D52CEB /* URLParameterEncoder.swift in Sources */ = {isa = PBXBuildFile; fileRef = 9DA5B90725DC399200D52CEB /* URLParameterEncoder.swift */; };
		9DA5B90C25DC399200D52CEB /* JSONParameterEncoder.swift in Sources */ = {isa = PBXBuildFile; fileRef = 9DA5B90825DC399200D52CEB /* JSONParameterEncoder.swift */; };
		9DA5B90D25DC399200D52CEB /* JSONParameterEncoder.swift in Sources */ = {isa = PBXBuildFile; fileRef = 9DA5B90825DC399200D52CEB /* JSONParameterEncoder.swift */; };
		9DA5B90E25DC399200D52CEB /* ParameterEncoding.swift in Sources */ = {isa = PBXBuildFile; fileRef = 9DA5B90925DC399200D52CEB /* ParameterEncoding.swift */; };
		9DA5B90F25DC399200D52CEB /* ParameterEncoding.swift in Sources */ = {isa = PBXBuildFile; fileRef = 9DA5B90925DC399200D52CEB /* ParameterEncoding.swift */; };
		9DA5B91425DC399900D52CEB /* MovieDBAPI.swift in Sources */ = {isa = PBXBuildFile; fileRef = 9DA5B91225DC399900D52CEB /* MovieDBAPI.swift */; };
		9DA5B91525DC399900D52CEB /* MovieDBAPI.swift in Sources */ = {isa = PBXBuildFile; fileRef = 9DA5B91225DC399900D52CEB /* MovieDBAPI.swift */; };
		9DA5B91625DC399900D52CEB /* MovieAPIProvider.swift in Sources */ = {isa = PBXBuildFile; fileRef = 9DA5B91325DC399900D52CEB /* MovieAPIProvider.swift */; };
		9DA5B91725DC399900D52CEB /* MovieAPIProvider.swift in Sources */ = {isa = PBXBuildFile; fileRef = 9DA5B91325DC399900D52CEB /* MovieAPIProvider.swift */; };
		9DA5B91F25DC3C2A00D52CEB /* MovieDBErrorResponseModel.swift in Sources */ = {isa = PBXBuildFile; fileRef = 9DA5B91E25DC3C2A00D52CEB /* MovieDBErrorResponseModel.swift */; };
		9DA5B92025DC3C2A00D52CEB /* MovieDBErrorResponseModel.swift in Sources */ = {isa = PBXBuildFile; fileRef = 9DA5B91E25DC3C2A00D52CEB /* MovieDBErrorResponseModel.swift */; };
		9DA5B92425DC3DC100D52CEB /* TrendingResponseModel.swift in Sources */ = {isa = PBXBuildFile; fileRef = 9DA5B92325DC3DC100D52CEB /* TrendingResponseModel.swift */; };
		9DA5B92525DC3DC100D52CEB /* TrendingResponseModel.swift in Sources */ = {isa = PBXBuildFile; fileRef = 9DA5B92325DC3DC100D52CEB /* TrendingResponseModel.swift */; };
		9DA5B92925DC41E100D52CEB /* MediaTypeModel.swift in Sources */ = {isa = PBXBuildFile; fileRef = 9DA5B92825DC41E100D52CEB /* MediaTypeModel.swift */; };
		9DA5B92A25DC41E100D52CEB /* MediaTypeModel.swift in Sources */ = {isa = PBXBuildFile; fileRef = 9DA5B92825DC41E100D52CEB /* MediaTypeModel.swift */; };
		9DA5B93025DC428800D52CEB /* TimeWindowModel.swift in Sources */ = {isa = PBXBuildFile; fileRef = 9DA5B92F25DC428800D52CEB /* TimeWindowModel.swift */; };
		9DA5B93125DC428800D52CEB /* TimeWindowModel.swift in Sources */ = {isa = PBXBuildFile; fileRef = 9DA5B92F25DC428800D52CEB /* TimeWindowModel.swift */; };
		9DA5B93525DC4E5400D52CEB /* ConfigResponseModel.swift in Sources */ = {isa = PBXBuildFile; fileRef = 9DA5B93425DC4E5400D52CEB /* ConfigResponseModel.swift */; };
		9DA5B93625DC4E5400D52CEB /* ConfigResponseModel.swift in Sources */ = {isa = PBXBuildFile; fileRef = 9DA5B93425DC4E5400D52CEB /* ConfigResponseModel.swift */; };
		9DA5B95E25DC5DB500D52CEB /* TabbarItemController.swift in Sources */ = {isa = PBXBuildFile; fileRef = 9DA5B95D25DC5DB500D52CEB /* TabbarItemController.swift */; };
		9DA5B95F25DC5DB500D52CEB /* TabbarItemController.swift in Sources */ = {isa = PBXBuildFile; fileRef = 9DA5B95D25DC5DB500D52CEB /* TabbarItemController.swift */; };
		9DA5B96525DC5DC600D52CEB /* TabbarViewController.swift in Sources */ = {isa = PBXBuildFile; fileRef = 9DA5B96425DC5DC600D52CEB /* TabbarViewController.swift */; };
		9DA5B96625DC5DC600D52CEB /* TabbarViewController.swift in Sources */ = {isa = PBXBuildFile; fileRef = 9DA5B96425DC5DC600D52CEB /* TabbarViewController.swift */; };
		9DA5B98225DC5E9A00D52CEB /* HomeViewController.swift in Sources */ = {isa = PBXBuildFile; fileRef = 9DA5B97E25DC5E9A00D52CEB /* HomeViewController.swift */; };
		9DA5B98325DC5E9A00D52CEB /* HomeViewController.swift in Sources */ = {isa = PBXBuildFile; fileRef = 9DA5B97E25DC5E9A00D52CEB /* HomeViewController.swift */; };
		9DA5B98625DC5E9A00D52CEB /* ViewProtocol.swift in Sources */ = {isa = PBXBuildFile; fileRef = 9DA5B98025DC5E9A00D52CEB /* ViewProtocol.swift */; };
		9DA5B98725DC5E9A00D52CEB /* ViewProtocol.swift in Sources */ = {isa = PBXBuildFile; fileRef = 9DA5B98025DC5E9A00D52CEB /* ViewProtocol.swift */; };
		9DA5B98825DC5E9A00D52CEB /* HomeViewModel.swift in Sources */ = {isa = PBXBuildFile; fileRef = 9DA5B98125DC5E9A00D52CEB /* HomeViewModel.swift */; };
		9DA5B98925DC5E9A00D52CEB /* HomeViewModel.swift in Sources */ = {isa = PBXBuildFile; fileRef = 9DA5B98125DC5E9A00D52CEB /* HomeViewModel.swift */; };
		9DA5B99025DC5F0D00D52CEB /* NSObject+Extension.swift in Sources */ = {isa = PBXBuildFile; fileRef = 9DA5B98F25DC5F0D00D52CEB /* NSObject+Extension.swift */; };
		9DA5B99125DC5F0D00D52CEB /* NSObject+Extension.swift in Sources */ = {isa = PBXBuildFile; fileRef = 9DA5B98F25DC5F0D00D52CEB /* NSObject+Extension.swift */; };
		9DA5B99925DC6DFB00D52CEB /* UIViewController+Extension.swift in Sources */ = {isa = PBXBuildFile; fileRef = 9DA5B99825DC6DFB00D52CEB /* UIViewController+Extension.swift */; };
		9DA5B99A25DC6DFB00D52CEB /* UIViewController+Extension.swift in Sources */ = {isa = PBXBuildFile; fileRef = 9DA5B99825DC6DFB00D52CEB /* UIViewController+Extension.swift */; };
		9DA5B9AD25DC856000D52CEB /* UIView+Extension.swift in Sources */ = {isa = PBXBuildFile; fileRef = 9DA5B9AC25DC856000D52CEB /* UIView+Extension.swift */; };
		9DA5B9AE25DC856000D52CEB /* UIView+Extension.swift in Sources */ = {isa = PBXBuildFile; fileRef = 9DA5B9AC25DC856000D52CEB /* UIView+Extension.swift */; };
		9DA5B9B325DD19A300D52CEB /* ContentGroupTVCell.swift in Sources */ = {isa = PBXBuildFile; fileRef = 9DA5B9B125DD19A300D52CEB /* ContentGroupTVCell.swift */; };
		9DA5B9B425DD19A300D52CEB /* ContentGroupTVCell.swift in Sources */ = {isa = PBXBuildFile; fileRef = 9DA5B9B125DD19A300D52CEB /* ContentGroupTVCell.swift */; };
		9DA5B9BC25DD298900D52CEB /* BaseTableView.swift in Sources */ = {isa = PBXBuildFile; fileRef = 9DA5B9BB25DD298900D52CEB /* BaseTableView.swift */; };
		9DA5B9BD25DD298900D52CEB /* BaseTableView.swift in Sources */ = {isa = PBXBuildFile; fileRef = 9DA5B9BB25DD298900D52CEB /* BaseTableView.swift */; };
		9DA5B9C325DD54B200D52CEB /* ContentModel.swift in Sources */ = {isa = PBXBuildFile; fileRef = 9DA5B9C225DD54B200D52CEB /* ContentModel.swift */; };
		9DA5B9C425DD54B200D52CEB /* ContentModel.swift in Sources */ = {isa = PBXBuildFile; fileRef = 9DA5B9C225DD54B200D52CEB /* ContentModel.swift */; };
		9DA5B9CD25DD566600D52CEB /* ContentCVBasicCell.swift in Sources */ = {isa = PBXBuildFile; fileRef = 9DA5B9CB25DD566600D52CEB /* ContentCVBasicCell.swift */; };
		9DA5B9CE25DD566600D52CEB /* ContentCVBasicCell.swift in Sources */ = {isa = PBXBuildFile; fileRef = 9DA5B9CB25DD566600D52CEB /* ContentCVBasicCell.swift */; };
		9DA5B9D825DD58B400D52CEB /* ContentCVExtendedCell.swift in Sources */ = {isa = PBXBuildFile; fileRef = 9DA5B9D725DD58B400D52CEB /* ContentCVExtendedCell.swift */; };
		9DA5B9D925DD58B400D52CEB /* ContentCVExtendedCell.swift in Sources */ = {isa = PBXBuildFile; fileRef = 9DA5B9D725DD58B400D52CEB /* ContentCVExtendedCell.swift */; };
		9DA5B9E525DD67E800D52CEB /* BaseCollectionView.swift in Sources */ = {isa = PBXBuildFile; fileRef = 9DA5B9E425DD67E800D52CEB /* BaseCollectionView.swift */; };
		9DA5B9E625DD67E800D52CEB /* BaseCollectionView.swift in Sources */ = {isa = PBXBuildFile; fileRef = 9DA5B9E425DD67E800D52CEB /* BaseCollectionView.swift */; };
		9DA5B9EF25DD6E9200D52CEB /* Config.swift in Sources */ = {isa = PBXBuildFile; fileRef = 9DA5B9EE25DD6E9200D52CEB /* Config.swift */; };
		9DA5B9F025DD6E9200D52CEB /* Config.swift in Sources */ = {isa = PBXBuildFile; fileRef = 9DA5B9EE25DD6E9200D52CEB /* Config.swift */; };
		9DA5B9FC25DD87D100D52CEB /* CategoryHeaderView.swift in Sources */ = {isa = PBXBuildFile; fileRef = 9DA5B9FB25DD87D100D52CEB /* CategoryHeaderView.swift */; };
		9DA5B9FD25DD87D100D52CEB /* CategoryHeaderView.swift in Sources */ = {isa = PBXBuildFile; fileRef = 9DA5B9FB25DD87D100D52CEB /* CategoryHeaderView.swift */; };
		9DA5BA0825DD956E00D52CEB /* UIColor+Extension.swift in Sources */ = {isa = PBXBuildFile; fileRef = 9DA5BA0725DD956E00D52CEB /* UIColor+Extension.swift */; };
		9DA5BA0925DD956E00D52CEB /* UIColor+Extension.swift in Sources */ = {isa = PBXBuildFile; fileRef = 9DA5BA0725DD956E00D52CEB /* UIColor+Extension.swift */; };
		9DA5BA2725DD9BDF00D52CEB /* CategoryViewController.swift in Sources */ = {isa = PBXBuildFile; fileRef = 9DA5BA2625DD9BDF00D52CEB /* CategoryViewController.swift */; };
		9DA5BA2825DD9BDF00D52CEB /* CategoryViewController.swift in Sources */ = {isa = PBXBuildFile; fileRef = 9DA5BA2625DD9BDF00D52CEB /* CategoryViewController.swift */; };
		9DA5BA2C25DD9C1600D52CEB /* CategoryViewModel.swift in Sources */ = {isa = PBXBuildFile; fileRef = 9DA5BA2B25DD9C1600D52CEB /* CategoryViewModel.swift */; };
		9DA5BA2D25DD9C1600D52CEB /* CategoryViewModel.swift in Sources */ = {isa = PBXBuildFile; fileRef = 9DA5BA2B25DD9C1600D52CEB /* CategoryViewModel.swift */; };
		9DA5BA3125DD9C9500D52CEB /* CategoryCVCell.swift in Sources */ = {isa = PBXBuildFile; fileRef = 9DA5BA3025DD9C9500D52CEB /* CategoryCVCell.swift */; };
		9DA5BA3225DD9C9500D52CEB /* CategoryCVCell.swift in Sources */ = {isa = PBXBuildFile; fileRef = 9DA5BA3025DD9C9500D52CEB /* CategoryCVCell.swift */; };
		9DA5BA3625DDABCD00D52CEB /* ContentDetailViewController.swift in Sources */ = {isa = PBXBuildFile; fileRef = 9DA5BA3525DDABCD00D52CEB /* ContentDetailViewController.swift */; };
		9DA5BA3725DDABCD00D52CEB /* ContentDetailViewController.swift in Sources */ = {isa = PBXBuildFile; fileRef = 9DA5BA3525DDABCD00D52CEB /* ContentDetailViewController.swift */; };
		9DA5BA3D25DDACE400D52CEB /* ContentDetailView.swift in Sources */ = {isa = PBXBuildFile; fileRef = 9DA5BA3C25DDACE400D52CEB /* ContentDetailView.swift */; };
		9DA5BA3E25DDACE400D52CEB /* ContentDetailView.swift in Sources */ = {isa = PBXBuildFile; fileRef = 9DA5BA3C25DDACE400D52CEB /* ContentDetailView.swift */; };
		9DA5BA4525DDAD1900D52CEB /* ContentDetailView.xib in Resources */ = {isa = PBXBuildFile; fileRef = 9DA5BA4425DDAD1900D52CEB /* ContentDetailView.xib */; };
		9DA5BA4625DDAD1900D52CEB /* ContentDetailView.xib in Resources */ = {isa = PBXBuildFile; fileRef = 9DA5BA4425DDAD1900D52CEB /* ContentDetailView.xib */; };
		9DA5BA5325DDBDAF00D52CEB /* CellProtocol.swift in Sources */ = {isa = PBXBuildFile; fileRef = 9DA5BA5225DDBDAF00D52CEB /* CellProtocol.swift */; };
		9DA5BA5425DDBDAF00D52CEB /* CellProtocol.swift in Sources */ = {isa = PBXBuildFile; fileRef = 9DA5BA5225DDBDAF00D52CEB /* CellProtocol.swift */; };
		9DA5BAAC25DE501300D52CEB /* SearchViewController.swift in Sources */ = {isa = PBXBuildFile; fileRef = 9DA5BAAB25DE501300D52CEB /* SearchViewController.swift */; };
		9DA5BAAD25DE501300D52CEB /* SearchViewController.swift in Sources */ = {isa = PBXBuildFile; fileRef = 9DA5BAAB25DE501300D52CEB /* SearchViewController.swift */; };
		9DA5BAB125DE503700D52CEB /* SearchViewModel.swift in Sources */ = {isa = PBXBuildFile; fileRef = 9DA5BAB025DE503700D52CEB /* SearchViewModel.swift */; };
		9DA5BAB225DE503700D52CEB /* SearchViewModel.swift in Sources */ = {isa = PBXBuildFile; fileRef = 9DA5BAB025DE503700D52CEB /* SearchViewModel.swift */; };
		9DA5BAB625DE527200D52CEB /* SearchTVBasicCell.swift in Sources */ = {isa = PBXBuildFile; fileRef = 9DA5BAB525DE527200D52CEB /* SearchTVBasicCell.swift */; };
		9DA5BAB725DE527200D52CEB /* SearchTVBasicCell.swift in Sources */ = {isa = PBXBuildFile; fileRef = 9DA5BAB525DE527200D52CEB /* SearchTVBasicCell.swift */; };
		9DA5BABB25DE5EAA00D52CEB /* CustomSearchBar.swift in Sources */ = {isa = PBXBuildFile; fileRef = 9DA5BABA25DE5EAA00D52CEB /* CustomSearchBar.swift */; };
		9DA5BABC25DE5EAA00D52CEB /* CustomSearchBar.swift in Sources */ = {isa = PBXBuildFile; fileRef = 9DA5BABA25DE5EAA00D52CEB /* CustomSearchBar.swift */; };
		9DA5BAC225DE64DA00D52CEB /* SearchResponseModel.swift in Sources */ = {isa = PBXBuildFile; fileRef = 9DA5BAC125DE64DA00D52CEB /* SearchResponseModel.swift */; };
		9DA5BAC325DE64DA00D52CEB /* SearchResponseModel.swift in Sources */ = {isa = PBXBuildFile; fileRef = 9DA5BAC125DE64DA00D52CEB /* SearchResponseModel.swift */; };
		9DA5BAC925DE77CB00D52CEB /* ChooserPopoverTableViewController.swift in Sources */ = {isa = PBXBuildFile; fileRef = 9DA5BAC825DE77CB00D52CEB /* ChooserPopoverTableViewController.swift */; };
		9DA5BACA25DE77CB00D52CEB /* ChooserPopoverTableViewController.swift in Sources */ = {isa = PBXBuildFile; fileRef = 9DA5BAC825DE77CB00D52CEB /* ChooserPopoverTableViewController.swift */; };
		9DA5BADD25DE789B00D52CEB /* FilterOptionTableViewCell.swift in Sources */ = {isa = PBXBuildFile; fileRef = 9DA5BADB25DE789B00D52CEB /* FilterOptionTableViewCell.swift */; };
		9DA5BADE25DE789B00D52CEB /* FilterOptionTableViewCell.swift in Sources */ = {isa = PBXBuildFile; fileRef = 9DA5BADB25DE789B00D52CEB /* FilterOptionTableViewCell.swift */; };
		9DA5BADF25DE789B00D52CEB /* FilterOptionTableViewCell.xib in Resources */ = {isa = PBXBuildFile; fileRef = 9DA5BADC25DE789B00D52CEB /* FilterOptionTableViewCell.xib */; };
		9DA5BAE025DE789B00D52CEB /* FilterOptionTableViewCell.xib in Resources */ = {isa = PBXBuildFile; fileRef = 9DA5BADC25DE789B00D52CEB /* FilterOptionTableViewCell.xib */; };
		9DA5BAE425DE7A2A00D52CEB /* ChooserPopoverViewModel.swift in Sources */ = {isa = PBXBuildFile; fileRef = 9DA5BAE325DE7A2A00D52CEB /* ChooserPopoverViewModel.swift */; };
		9DA5BAE525DE7A2A00D52CEB /* ChooserPopoverViewModel.swift in Sources */ = {isa = PBXBuildFile; fileRef = 9DA5BAE325DE7A2A00D52CEB /* ChooserPopoverViewModel.swift */; };
/* End PBXBuildFile section */

/* Begin PBXFileReference section */
		9DA5B85125DC2DD900D52CEB /* TheMovieDBAPIProd.app */ = {isa = PBXFileReference; explicitFileType = wrapper.application; includeInIndex = 0; path = TheMovieDBAPIProd.app; sourceTree = BUILT_PRODUCTS_DIR; };
		9DA5B85425DC2DD900D52CEB /* AppDelegate.swift */ = {isa = PBXFileReference; lastKnownFileType = sourcecode.swift; path = AppDelegate.swift; sourceTree = "<group>"; };
		9DA5B85B25DC2DD900D52CEB /* Base */ = {isa = PBXFileReference; lastKnownFileType = file.storyboard; name = Base; path = Base.lproj/Main.storyboard; sourceTree = "<group>"; };
		9DA5B85D25DC2DDB00D52CEB /* Assets.xcassets */ = {isa = PBXFileReference; lastKnownFileType = folder.assetcatalog; path = Assets.xcassets; sourceTree = "<group>"; };
		9DA5B86025DC2DDB00D52CEB /* Base */ = {isa = PBXFileReference; lastKnownFileType = file.storyboard; name = Base; path = Base.lproj/LaunchScreen.storyboard; sourceTree = "<group>"; };
		9DA5B87725DC2E0800D52CEB /* TheMovieDBAPIDev.app */ = {isa = PBXFileReference; explicitFileType = wrapper.application; includeInIndex = 0; path = TheMovieDBAPIDev.app; sourceTree = BUILT_PRODUCTS_DIR; };
		9DA5B87F25DC2E4600D52CEB /* TheMovieDBAPIProd.plist */ = {isa = PBXFileReference; fileEncoding = 4; lastKnownFileType = text.plist.xml; path = TheMovieDBAPIProd.plist; sourceTree = "<group>"; };
		9DA5B88025DC2E4600D52CEB /* TheMovieDBAPIDev.plist */ = {isa = PBXFileReference; fileEncoding = 4; lastKnownFileType = text.plist.xml; path = TheMovieDBAPIDev.plist; sourceTree = "<group>"; };
		9DA5B89A25DC2F2D00D52CEB /* ConnectionManager.swift */ = {isa = PBXFileReference; lastKnownFileType = sourcecode.swift; path = ConnectionManager.swift; sourceTree = "<group>"; };
		9DA5B8A825DC302300D52CEB /* Keys.json */ = {isa = PBXFileReference; fileEncoding = 4; lastKnownFileType = text.json; path = Keys.json; sourceTree = "<group>"; };
		9DA5B8AC25DC302D00D52CEB /* Keys.json */ = {isa = PBXFileReference; fileEncoding = 4; lastKnownFileType = text.json; path = Keys.json; sourceTree = "<group>"; };
		9DA5B8B325DC311100D52CEB /* Keys.swift */ = {isa = PBXFileReference; lastKnownFileType = sourcecode.swift; path = Keys.swift; sourceTree = "<group>"; };
		9DA5B8BA25DC314000D52CEB /* Credential.swift */ = {isa = PBXFileReference; lastKnownFileType = sourcecode.swift; path = Credential.swift; sourceTree = "<group>"; };
		9DA5B8C425DC325E00D52CEB /* ArrayDataProvider.swift */ = {isa = PBXFileReference; lastKnownFileType = sourcecode.swift; path = ArrayDataProvider.swift; sourceTree = "<group>"; };
		9DA5B8CB25DC327600D52CEB /* GenericDataProvider.swift */ = {isa = PBXFileReference; lastKnownFileType = sourcecode.swift; path = GenericDataProvider.swift; sourceTree = "<group>"; };
		9DA5B8D025DC32E200D52CEB /* CollectionDataSource.swift */ = {isa = PBXFileReference; lastKnownFileType = sourcecode.swift; path = CollectionDataSource.swift; sourceTree = "<group>"; };
		9DA5B8D725DC32F700D52CEB /* CollectionArrayDataSource.swift */ = {isa = PBXFileReference; lastKnownFileType = sourcecode.swift; path = CollectionArrayDataSource.swift; sourceTree = "<group>"; };
		9DA5B8DC25DC331100D52CEB /* TableArrayDataSource.swift */ = {isa = PBXFileReference; lastKnownFileType = sourcecode.swift; path = TableArrayDataSource.swift; sourceTree = "<group>"; };
		9DA5B8E125DC332400D52CEB /* TableDataSource.swift */ = {isa = PBXFileReference; lastKnownFileType = sourcecode.swift; path = TableDataSource.swift; sourceTree = "<group>"; };
		9DA5B8E625DC336700D52CEB /* CellConfigModel.swift */ = {isa = PBXFileReference; lastKnownFileType = sourcecode.swift; path = CellConfigModel.swift; sourceTree = "<group>"; };
		9DA5B8EB25DC33A300D52CEB /* ConfigurableCell.swift */ = {isa = PBXFileReference; lastKnownFileType = sourcecode.swift; path = ConfigurableCell.swift; sourceTree = "<group>"; };
		9DA5B8F025DC33BA00D52CEB /* ReusableCell.swift */ = {isa = PBXFileReference; lastKnownFileType = sourcecode.swift; path = ReusableCell.swift; sourceTree = "<group>"; };
		9DA5B8F925DC398900D52CEB /* Router.swift */ = {isa = PBXFileReference; fileEncoding = 4; lastKnownFileType = sourcecode.swift; path = Router.swift; sourceTree = "<group>"; };
		9DA5B8FA25DC398900D52CEB /* EndPointType.swift */ = {isa = PBXFileReference; fileEncoding = 4; lastKnownFileType = sourcecode.swift; path = EndPointType.swift; sourceTree = "<group>"; };
		9DA5B8FB25DC398900D52CEB /* HTTPMethod.swift */ = {isa = PBXFileReference; fileEncoding = 4; lastKnownFileType = sourcecode.swift; path = HTTPMethod.swift; sourceTree = "<group>"; };
		9DA5B8FC25DC398900D52CEB /* HTTPTask.swift */ = {isa = PBXFileReference; fileEncoding = 4; lastKnownFileType = sourcecode.swift; path = HTTPTask.swift; sourceTree = "<group>"; };
		9DA5B90725DC399200D52CEB /* URLParameterEncoder.swift */ = {isa = PBXFileReference; fileEncoding = 4; lastKnownFileType = sourcecode.swift; path = URLParameterEncoder.swift; sourceTree = "<group>"; };
		9DA5B90825DC399200D52CEB /* JSONParameterEncoder.swift */ = {isa = PBXFileReference; fileEncoding = 4; lastKnownFileType = sourcecode.swift; path = JSONParameterEncoder.swift; sourceTree = "<group>"; };
		9DA5B90925DC399200D52CEB /* ParameterEncoding.swift */ = {isa = PBXFileReference; fileEncoding = 4; lastKnownFileType = sourcecode.swift; path = ParameterEncoding.swift; sourceTree = "<group>"; };
		9DA5B91225DC399900D52CEB /* MovieDBAPI.swift */ = {isa = PBXFileReference; fileEncoding = 4; lastKnownFileType = sourcecode.swift; path = MovieDBAPI.swift; sourceTree = "<group>"; };
		9DA5B91325DC399900D52CEB /* MovieAPIProvider.swift */ = {isa = PBXFileReference; fileEncoding = 4; lastKnownFileType = sourcecode.swift; path = MovieAPIProvider.swift; sourceTree = "<group>"; };
		9DA5B91E25DC3C2A00D52CEB /* MovieDBErrorResponseModel.swift */ = {isa = PBXFileReference; lastKnownFileType = sourcecode.swift; path = MovieDBErrorResponseModel.swift; sourceTree = "<group>"; };
		9DA5B92325DC3DC100D52CEB /* TrendingResponseModel.swift */ = {isa = PBXFileReference; lastKnownFileType = sourcecode.swift; path = TrendingResponseModel.swift; sourceTree = "<group>"; };
		9DA5B92825DC41E100D52CEB /* MediaTypeModel.swift */ = {isa = PBXFileReference; lastKnownFileType = sourcecode.swift; path = MediaTypeModel.swift; sourceTree = "<group>"; };
		9DA5B92F25DC428800D52CEB /* TimeWindowModel.swift */ = {isa = PBXFileReference; lastKnownFileType = sourcecode.swift; path = TimeWindowModel.swift; sourceTree = "<group>"; };
		9DA5B93425DC4E5400D52CEB /* ConfigResponseModel.swift */ = {isa = PBXFileReference; lastKnownFileType = sourcecode.swift; path = ConfigResponseModel.swift; sourceTree = "<group>"; };
		9DA5B95D25DC5DB500D52CEB /* TabbarItemController.swift */ = {isa = PBXFileReference; lastKnownFileType = sourcecode.swift; path = TabbarItemController.swift; sourceTree = "<group>"; };
		9DA5B96425DC5DC600D52CEB /* TabbarViewController.swift */ = {isa = PBXFileReference; lastKnownFileType = sourcecode.swift; path = TabbarViewController.swift; sourceTree = "<group>"; };
		9DA5B97E25DC5E9A00D52CEB /* HomeViewController.swift */ = {isa = PBXFileReference; lastKnownFileType = sourcecode.swift; path = HomeViewController.swift; sourceTree = "<group>"; };
		9DA5B98025DC5E9A00D52CEB /* ViewProtocol.swift */ = {isa = PBXFileReference; lastKnownFileType = sourcecode.swift; path = ViewProtocol.swift; sourceTree = "<group>"; };
		9DA5B98125DC5E9A00D52CEB /* HomeViewModel.swift */ = {isa = PBXFileReference; lastKnownFileType = sourcecode.swift; path = HomeViewModel.swift; sourceTree = "<group>"; };
		9DA5B98F25DC5F0D00D52CEB /* NSObject+Extension.swift */ = {isa = PBXFileReference; lastKnownFileType = sourcecode.swift; path = "NSObject+Extension.swift"; sourceTree = "<group>"; };
		9DA5B99825DC6DFB00D52CEB /* UIViewController+Extension.swift */ = {isa = PBXFileReference; lastKnownFileType = sourcecode.swift; path = "UIViewController+Extension.swift"; sourceTree = "<group>"; };
		9DA5B9AC25DC856000D52CEB /* UIView+Extension.swift */ = {isa = PBXFileReference; lastKnownFileType = sourcecode.swift; path = "UIView+Extension.swift"; sourceTree = "<group>"; };
		9DA5B9B125DD19A300D52CEB /* ContentGroupTVCell.swift */ = {isa = PBXFileReference; lastKnownFileType = sourcecode.swift; path = ContentGroupTVCell.swift; sourceTree = "<group>"; };
		9DA5B9BB25DD298900D52CEB /* BaseTableView.swift */ = {isa = PBXFileReference; lastKnownFileType = sourcecode.swift; path = BaseTableView.swift; sourceTree = "<group>"; };
		9DA5B9C225DD54B200D52CEB /* ContentModel.swift */ = {isa = PBXFileReference; lastKnownFileType = sourcecode.swift; path = ContentModel.swift; sourceTree = "<group>"; };
		9DA5B9CB25DD566600D52CEB /* ContentCVBasicCell.swift */ = {isa = PBXFileReference; lastKnownFileType = sourcecode.swift; path = ContentCVBasicCell.swift; sourceTree = "<group>"; };
		9DA5B9D725DD58B400D52CEB /* ContentCVExtendedCell.swift */ = {isa = PBXFileReference; lastKnownFileType = sourcecode.swift; path = ContentCVExtendedCell.swift; sourceTree = "<group>"; };
		9DA5B9E425DD67E800D52CEB /* BaseCollectionView.swift */ = {isa = PBXFileReference; lastKnownFileType = sourcecode.swift; path = BaseCollectionView.swift; sourceTree = "<group>"; };
		9DA5B9EE25DD6E9200D52CEB /* Config.swift */ = {isa = PBXFileReference; lastKnownFileType = sourcecode.swift; path = Config.swift; sourceTree = "<group>"; };
		9DA5B9FB25DD87D100D52CEB /* CategoryHeaderView.swift */ = {isa = PBXFileReference; lastKnownFileType = sourcecode.swift; path = CategoryHeaderView.swift; sourceTree = "<group>"; };
		9DA5BA0725DD956E00D52CEB /* UIColor+Extension.swift */ = {isa = PBXFileReference; lastKnownFileType = sourcecode.swift; path = "UIColor+Extension.swift"; sourceTree = "<group>"; };
		9DA5BA2625DD9BDF00D52CEB /* CategoryViewController.swift */ = {isa = PBXFileReference; lastKnownFileType = sourcecode.swift; path = CategoryViewController.swift; sourceTree = "<group>"; };
		9DA5BA2B25DD9C1600D52CEB /* CategoryViewModel.swift */ = {isa = PBXFileReference; lastKnownFileType = sourcecode.swift; path = CategoryViewModel.swift; sourceTree = "<group>"; };
		9DA5BA3025DD9C9500D52CEB /* CategoryCVCell.swift */ = {isa = PBXFileReference; lastKnownFileType = sourcecode.swift; path = CategoryCVCell.swift; sourceTree = "<group>"; };
		9DA5BA3525DDABCD00D52CEB /* ContentDetailViewController.swift */ = {isa = PBXFileReference; lastKnownFileType = sourcecode.swift; path = ContentDetailViewController.swift; sourceTree = "<group>"; };
		9DA5BA3C25DDACE400D52CEB /* ContentDetailView.swift */ = {isa = PBXFileReference; lastKnownFileType = sourcecode.swift; path = ContentDetailView.swift; sourceTree = "<group>"; };
		9DA5BA4425DDAD1900D52CEB /* ContentDetailView.xib */ = {isa = PBXFileReference; lastKnownFileType = file.xib; path = ContentDetailView.xib; sourceTree = "<group>"; };
		9DA5BA5225DDBDAF00D52CEB /* CellProtocol.swift */ = {isa = PBXFileReference; lastKnownFileType = sourcecode.swift; path = CellProtocol.swift; sourceTree = "<group>"; };
		9DA5BAAB25DE501300D52CEB /* SearchViewController.swift */ = {isa = PBXFileReference; lastKnownFileType = sourcecode.swift; path = SearchViewController.swift; sourceTree = "<group>"; };
		9DA5BAB025DE503700D52CEB /* SearchViewModel.swift */ = {isa = PBXFileReference; lastKnownFileType = sourcecode.swift; path = SearchViewModel.swift; sourceTree = "<group>"; };
		9DA5BAB525DE527200D52CEB /* SearchTVBasicCell.swift */ = {isa = PBXFileReference; lastKnownFileType = sourcecode.swift; path = SearchTVBasicCell.swift; sourceTree = "<group>"; };
		9DA5BABA25DE5EAA00D52CEB /* CustomSearchBar.swift */ = {isa = PBXFileReference; lastKnownFileType = sourcecode.swift; path = CustomSearchBar.swift; sourceTree = "<group>"; };
		9DA5BAC125DE64DA00D52CEB /* SearchResponseModel.swift */ = {isa = PBXFileReference; lastKnownFileType = sourcecode.swift; path = SearchResponseModel.swift; sourceTree = "<group>"; };
		9DA5BAC825DE77CB00D52CEB /* ChooserPopoverTableViewController.swift */ = {isa = PBXFileReference; lastKnownFileType = sourcecode.swift; path = ChooserPopoverTableViewController.swift; sourceTree = "<group>"; };
		9DA5BADB25DE789B00D52CEB /* FilterOptionTableViewCell.swift */ = {isa = PBXFileReference; lastKnownFileType = sourcecode.swift; path = FilterOptionTableViewCell.swift; sourceTree = "<group>"; };
		9DA5BADC25DE789B00D52CEB /* FilterOptionTableViewCell.xib */ = {isa = PBXFileReference; lastKnownFileType = file.xib; path = FilterOptionTableViewCell.xib; sourceTree = "<group>"; };
		9DA5BAE325DE7A2A00D52CEB /* ChooserPopoverViewModel.swift */ = {isa = PBXFileReference; lastKnownFileType = sourcecode.swift; path = ChooserPopoverViewModel.swift; sourceTree = "<group>"; };
/* End PBXFileReference section */

/* Begin PBXFrameworksBuildPhase section */
		9DA5B84E25DC2DD900D52CEB /* Frameworks */ = {
			isa = PBXFrameworksBuildPhase;
			buildActionMask = 2147483647;
			files = (
			);
			runOnlyForDeploymentPostprocessing = 0;
		};
		9DA5B86F25DC2E0800D52CEB /* Frameworks */ = {
			isa = PBXFrameworksBuildPhase;
			buildActionMask = 2147483647;
			files = (
			);
			runOnlyForDeploymentPostprocessing = 0;
		};
/* End PBXFrameworksBuildPhase section */

/* Begin PBXGroup section */
		5E1116367FCA33AA00047D7F /* Pods */ = {
			isa = PBXGroup;
			children = (
			);
			path = Pods;
			sourceTree = "<group>";
		};
		9DA5B84825DC2DD900D52CEB = {
			isa = PBXGroup;
			children = (
				9DA5B85325DC2DD900D52CEB /* TheMovieDBAPI */,
				9DA5B85225DC2DD900D52CEB /* Products */,
				5E1116367FCA33AA00047D7F /* Pods */,
			);
			sourceTree = "<group>";
		};
		9DA5B85225DC2DD900D52CEB /* Products */ = {
			isa = PBXGroup;
			children = (
				9DA5B85125DC2DD900D52CEB /* TheMovieDBAPIProd.app */,
				9DA5B87725DC2E0800D52CEB /* TheMovieDBAPIDev.app */,
			);
			name = Products;
			sourceTree = "<group>";
		};
		9DA5B85325DC2DD900D52CEB /* TheMovieDBAPI */ = {
			isa = PBXGroup;
			children = (
				9DA5BA1125DD9A8C00D52CEB /* Protocols */,
				9DA5B98E25DC5EF300D52CEB /* Extensions */,
				9DA5B8F525DC392C00D52CEB /* Network */,
				9DA5B8BF25DC31F900D52CEB /* GenericDataSources */,
				9DA5B8B025DC30A600D52CEB /* Models */,
				9DA5B95B25DC5D9600D52CEB /* Views */,
				9DA5B9F725DD6FCB00D52CEB /* ViewModels */,
				9DA5B9A325DC81B300D52CEB /* UI */,
				9DA5B89925DC2F1600D52CEB /* Utility */,
				9DA5B89325DC2EF800D52CEB /* Resources */,
				9DA5B85425DC2DD900D52CEB /* AppDelegate.swift */,
				9DA5B85A25DC2DD900D52CEB /* Main.storyboard */,
				9DA5B85D25DC2DDB00D52CEB /* Assets.xcassets */,
				9DA5B85F25DC2DDB00D52CEB /* LaunchScreen.storyboard */,
				9DA5B88025DC2E4600D52CEB /* TheMovieDBAPIDev.plist */,
				9DA5B87F25DC2E4600D52CEB /* TheMovieDBAPIProd.plist */,
			);
			path = TheMovieDBAPI;
			sourceTree = "<group>";
		};
		9DA5B89325DC2EF800D52CEB /* Resources */ = {
			isa = PBXGroup;
			children = (
				9DA5B89525DC2F0100D52CEB /* Prod */,
				9DA5B89425DC2EFD00D52CEB /* Dev */,
			);
			path = Resources;
			sourceTree = "<group>";
		};
		9DA5B89425DC2EFD00D52CEB /* Dev */ = {
			isa = PBXGroup;
			children = (
				9DA5B8A825DC302300D52CEB /* Keys.json */,
			);
			path = Dev;
			sourceTree = "<group>";
		};
		9DA5B89525DC2F0100D52CEB /* Prod */ = {
			isa = PBXGroup;
			children = (
				9DA5B8AC25DC302D00D52CEB /* Keys.json */,
			);
			path = Prod;
			sourceTree = "<group>";
		};
		9DA5B89925DC2F1600D52CEB /* Utility */ = {
			isa = PBXGroup;
			children = (
				9DA5B89A25DC2F2D00D52CEB /* ConnectionManager.swift */,
				9DA5B8BA25DC314000D52CEB /* Credential.swift */,
				9DA5B9BB25DD298900D52CEB /* BaseTableView.swift */,
				9DA5B9E425DD67E800D52CEB /* BaseCollectionView.swift */,
			);
			path = Utility;
			sourceTree = "<group>";
		};
		9DA5B8B025DC30A600D52CEB /* Models */ = {
			isa = PBXGroup;
			children = (
				9DA5B8B225DC30B300D52CEB /* ConfigureModels */,
				9DA5B8B125DC30AD00D52CEB /* ResponseModels */,
				9DA5B9C225DD54B200D52CEB /* ContentModel.swift */,
			);
			path = Models;
			sourceTree = "<group>";
		};
		9DA5B8B125DC30AD00D52CEB /* ResponseModels */ = {
			isa = PBXGroup;
			children = (
				9DA5B91E25DC3C2A00D52CEB /* MovieDBErrorResponseModel.swift */,
				9DA5B92325DC3DC100D52CEB /* TrendingResponseModel.swift */,
				9DA5B92825DC41E100D52CEB /* MediaTypeModel.swift */,
				9DA5B92F25DC428800D52CEB /* TimeWindowModel.swift */,
				9DA5B93425DC4E5400D52CEB /* ConfigResponseModel.swift */,
				9DA5BAC125DE64DA00D52CEB /* SearchResponseModel.swift */,
			);
			path = ResponseModels;
			sourceTree = "<group>";
		};
		9DA5B8B225DC30B300D52CEB /* ConfigureModels */ = {
			isa = PBXGroup;
			children = (
				9DA5B8B325DC311100D52CEB /* Keys.swift */,
				9DA5B9EE25DD6E9200D52CEB /* Config.swift */,
			);
			path = ConfigureModels;
			sourceTree = "<group>";
		};
		9DA5B8BF25DC31F900D52CEB /* GenericDataSources */ = {
			isa = PBXGroup;
			children = (
				9DA5B8C125DC321200D52CEB /* DataSources */,
				9DA5B8C025DC320D00D52CEB /* CellAbstractions */,
			);
			path = GenericDataSources;
			sourceTree = "<group>";
		};
		9DA5B8C025DC320D00D52CEB /* CellAbstractions */ = {
			isa = PBXGroup;
			children = (
				9DA5B8EB25DC33A300D52CEB /* ConfigurableCell.swift */,
				9DA5B8F025DC33BA00D52CEB /* ReusableCell.swift */,
			);
			path = CellAbstractions;
			sourceTree = "<group>";
		};
		9DA5B8C125DC321200D52CEB /* DataSources */ = {
			isa = PBXGroup;
			children = (
				9DA5B8C425DC325E00D52CEB /* ArrayDataProvider.swift */,
				9DA5B8CB25DC327600D52CEB /* GenericDataProvider.swift */,
				9DA5B8C325DC321F00D52CEB /* CollectionView */,
				9DA5B8C225DC321900D52CEB /* TableView */,
				9DA5B8E625DC336700D52CEB /* CellConfigModel.swift */,
			);
			path = DataSources;
			sourceTree = "<group>";
		};
		9DA5B8C225DC321900D52CEB /* TableView */ = {
			isa = PBXGroup;
			children = (
				9DA5B8E125DC332400D52CEB /* TableDataSource.swift */,
				9DA5B8DC25DC331100D52CEB /* TableArrayDataSource.swift */,
			);
			path = TableView;
			sourceTree = "<group>";
		};
		9DA5B8C325DC321F00D52CEB /* CollectionView */ = {
			isa = PBXGroup;
			children = (
				9DA5B8D025DC32E200D52CEB /* CollectionDataSource.swift */,
				9DA5B8D725DC32F700D52CEB /* CollectionArrayDataSource.swift */,
			);
			path = CollectionView;
			sourceTree = "<group>";
		};
		9DA5B8F525DC392C00D52CEB /* Network */ = {
			isa = PBXGroup;
			children = (
				9DA5B8F825DC395E00D52CEB /* MovieDBAPI */,
				9DA5B8F725DC395800D52CEB /* Encode */,
				9DA5B8F625DC395300D52CEB /* BaseAPI */,
			);
			path = Network;
			sourceTree = "<group>";
		};
		9DA5B8F625DC395300D52CEB /* BaseAPI */ = {
			isa = PBXGroup;
			children = (
				9DA5B8FA25DC398900D52CEB /* EndPointType.swift */,
				9DA5B8FB25DC398900D52CEB /* HTTPMethod.swift */,
				9DA5B8FC25DC398900D52CEB /* HTTPTask.swift */,
				9DA5B8F925DC398900D52CEB /* Router.swift */,
			);
			path = BaseAPI;
			sourceTree = "<group>";
		};
		9DA5B8F725DC395800D52CEB /* Encode */ = {
			isa = PBXGroup;
			children = (
				9DA5B90825DC399200D52CEB /* JSONParameterEncoder.swift */,
				9DA5B90925DC399200D52CEB /* ParameterEncoding.swift */,
				9DA5B90725DC399200D52CEB /* URLParameterEncoder.swift */,
			);
			path = Encode;
			sourceTree = "<group>";
		};
		9DA5B8F825DC395E00D52CEB /* MovieDBAPI */ = {
			isa = PBXGroup;
			children = (
				9DA5B91225DC399900D52CEB /* MovieDBAPI.swift */,
				9DA5B91325DC399900D52CEB /* MovieAPIProvider.swift */,
			);
			path = MovieDBAPI;
			sourceTree = "<group>";
		};
		9DA5B95B25DC5D9600D52CEB /* Views */ = {
			isa = PBXGroup;
			children = (
				9DA5B95C25DC5DA200D52CEB /* Common */,
				9DA5B97E25DC5E9A00D52CEB /* HomeViewController.swift */,
				9DA5BA2625DD9BDF00D52CEB /* CategoryViewController.swift */,
				9DA5BA3525DDABCD00D52CEB /* ContentDetailViewController.swift */,
				9DA5BAAB25DE501300D52CEB /* SearchViewController.swift */,
			);
			path = Views;
			sourceTree = "<group>";
		};
		9DA5B95C25DC5DA200D52CEB /* Common */ = {
			isa = PBXGroup;
			children = (
				9DA5B95D25DC5DB500D52CEB /* TabbarItemController.swift */,
				9DA5B96425DC5DC600D52CEB /* TabbarViewController.swift */,
				9DA5BAC825DE77CB00D52CEB /* ChooserPopoverTableViewController.swift */,
			);
			path = Common;
			sourceTree = "<group>";
		};
		9DA5B98E25DC5EF300D52CEB /* Extensions */ = {
			isa = PBXGroup;
			children = (
				9DA5B98F25DC5F0D00D52CEB /* NSObject+Extension.swift */,
				9DA5B99825DC6DFB00D52CEB /* UIViewController+Extension.swift */,
				9DA5B9AC25DC856000D52CEB /* UIView+Extension.swift */,
				9DA5BA0725DD956E00D52CEB /* UIColor+Extension.swift */,
			);
			path = Extensions;
			sourceTree = "<group>";
		};
		9DA5B9A325DC81B300D52CEB /* UI */ = {
			isa = PBXGroup;
			children = (
				9DA5BA3B25DDACCF00D52CEB /* Components */,
				9DA5BA0C25DD9A6C00D52CEB /* Header */,
				9DA5B9A425DC81C300D52CEB /* Cell */,
			);
			path = UI;
			sourceTree = "<group>";
		};
		9DA5B9A425DC81C300D52CEB /* Cell */ = {
			isa = PBXGroup;
			children = (
				9DA5B9B125DD19A300D52CEB /* ContentGroupTVCell.swift */,
				9DA5B9CB25DD566600D52CEB /* ContentCVBasicCell.swift */,
				9DA5B9D725DD58B400D52CEB /* ContentCVExtendedCell.swift */,
				9DA5BA3025DD9C9500D52CEB /* CategoryCVCell.swift */,
				9DA5BAB525DE527200D52CEB /* SearchTVBasicCell.swift */,
				9DA5BADB25DE789B00D52CEB /* FilterOptionTableViewCell.swift */,
				9DA5BADC25DE789B00D52CEB /* FilterOptionTableViewCell.xib */,
			);
			path = Cell;
			sourceTree = "<group>";
		};
		9DA5B9F725DD6FCB00D52CEB /* ViewModels */ = {
			isa = PBXGroup;
			children = (
				9DA5B98125DC5E9A00D52CEB /* HomeViewModel.swift */,
				9DA5BA2B25DD9C1600D52CEB /* CategoryViewModel.swift */,
				9DA5BAB025DE503700D52CEB /* SearchViewModel.swift */,
				9DA5BAE325DE7A2A00D52CEB /* ChooserPopoverViewModel.swift */,
			);
			path = ViewModels;
			sourceTree = "<group>";
		};
		9DA5BA0C25DD9A6C00D52CEB /* Header */ = {
			isa = PBXGroup;
			children = (
				9DA5B9FB25DD87D100D52CEB /* CategoryHeaderView.swift */,
			);
			path = Header;
			sourceTree = "<group>";
		};
		9DA5BA1125DD9A8C00D52CEB /* Protocols */ = {
			isa = PBXGroup;
			children = (
				9DA5B98025DC5E9A00D52CEB /* ViewProtocol.swift */,
				9DA5BA5225DDBDAF00D52CEB /* CellProtocol.swift */,
			);
			path = Protocols;
			sourceTree = "<group>";
		};
		9DA5BA3B25DDACCF00D52CEB /* Components */ = {
			isa = PBXGroup;
			children = (
				9DA5BA3C25DDACE400D52CEB /* ContentDetailView.swift */,
				9DA5BA4425DDAD1900D52CEB /* ContentDetailView.xib */,
				9DA5BABA25DE5EAA00D52CEB /* CustomSearchBar.swift */,
			);
			path = Components;
			sourceTree = "<group>";
		};
/* End PBXGroup section */

/* Begin PBXNativeTarget section */
		9DA5B85025DC2DD900D52CEB /* TheMovieDBAPIProd */ = {
			isa = PBXNativeTarget;
			buildConfigurationList = 9DA5B86525DC2DDB00D52CEB /* Build configuration list for PBXNativeTarget "TheMovieDBAPIProd" */;
			buildPhases = (
				9DA5B84D25DC2DD900D52CEB /* Sources */,
				9DA5B84E25DC2DD900D52CEB /* Frameworks */,
				9DA5B84F25DC2DD900D52CEB /* Resources */,
			);
			buildRules = (
			);
			dependencies = (
			);
			name = TheMovieDBAPIProd;
			productName = TheMovieDBAPI;
			productReference = 9DA5B85125DC2DD900D52CEB /* TheMovieDBAPIProd.app */;
			productType = "com.apple.product-type.application";
		};
		9DA5B86B25DC2E0800D52CEB /* TheMovieDBAPIDev */ = {
			isa = PBXNativeTarget;
			buildConfigurationList = 9DA5B87425DC2E0800D52CEB /* Build configuration list for PBXNativeTarget "TheMovieDBAPIDev" */;
			buildPhases = (
				9DA5B86C25DC2E0800D52CEB /* Sources */,
				9DA5B86F25DC2E0800D52CEB /* Frameworks */,
				9DA5B87025DC2E0800D52CEB /* Resources */,
			);
			buildRules = (
			);
			dependencies = (
			);
			name = TheMovieDBAPIDev;
			productName = TheMovieDBAPI;
			productReference = 9DA5B87725DC2E0800D52CEB /* TheMovieDBAPIDev.app */;
			productType = "com.apple.product-type.application";
		};
/* End PBXNativeTarget section */

/* Begin PBXProject section */
		9DA5B84925DC2DD900D52CEB /* Project object */ = {
			isa = PBXProject;
			attributes = {
				LastSwiftUpdateCheck = 1240;
				LastUpgradeCheck = 1240;
				ORGANIZATIONNAME = UmutSERIFLER;
				TargetAttributes = {
					9DA5B85025DC2DD900D52CEB = {
						CreatedOnToolsVersion = 12.4;
					};
				};
			};
			buildConfigurationList = 9DA5B84C25DC2DD900D52CEB /* Build configuration list for PBXProject "TheMovieDBAPI" */;
			compatibilityVersion = "Xcode 9.3";
			developmentRegion = en;
			hasScannedForEncodings = 0;
			knownRegions = (
				en,
				Base,
			);
			mainGroup = 9DA5B84825DC2DD900D52CEB;
			productRefGroup = 9DA5B85225DC2DD900D52CEB /* Products */;
			projectDirPath = "";
			projectRoot = "";
			targets = (
				9DA5B85025DC2DD900D52CEB /* TheMovieDBAPIProd */,
				9DA5B86B25DC2E0800D52CEB /* TheMovieDBAPIDev */,
			);
		};
/* End PBXProject section */

/* Begin PBXResourcesBuildPhase section */
		9DA5B84F25DC2DD900D52CEB /* Resources */ = {
			isa = PBXResourcesBuildPhase;
			buildActionMask = 2147483647;
			files = (
				9DA5BADF25DE789B00D52CEB /* FilterOptionTableViewCell.xib in Resources */,
				9DA5B86125DC2DDB00D52CEB /* LaunchScreen.storyboard in Resources */,
				9DA5B8AD25DC302D00D52CEB /* Keys.json in Resources */,
				9DA5B85E25DC2DDB00D52CEB /* Assets.xcassets in Resources */,
				9DA5BA4525DDAD1900D52CEB /* ContentDetailView.xib in Resources */,
				9DA5B85C25DC2DD900D52CEB /* Main.storyboard in Resources */,
			);
			runOnlyForDeploymentPostprocessing = 0;
		};
		9DA5B87025DC2E0800D52CEB /* Resources */ = {
			isa = PBXResourcesBuildPhase;
			buildActionMask = 2147483647;
			files = (
				9DA5BAE025DE789B00D52CEB /* FilterOptionTableViewCell.xib in Resources */,
				9DA5B87125DC2E0800D52CEB /* LaunchScreen.storyboard in Resources */,
				9DA5B8A925DC302300D52CEB /* Keys.json in Resources */,
				9DA5B87225DC2E0800D52CEB /* Assets.xcassets in Resources */,
				9DA5BA4625DDAD1900D52CEB /* ContentDetailView.xib in Resources */,
				9DA5B87325DC2E0800D52CEB /* Main.storyboard in Resources */,
			);
			runOnlyForDeploymentPostprocessing = 0;
		};
/* End PBXResourcesBuildPhase section */

/* Begin PBXSourcesBuildPhase section */
		9DA5B84D25DC2DD900D52CEB /* Sources */ = {
			isa = PBXSourcesBuildPhase;
			buildActionMask = 2147483647;
			files = (
				9DA5B90E25DC399200D52CEB /* ParameterEncoding.swift in Sources */,
				9DA5B90C25DC399200D52CEB /* JSONParameterEncoder.swift in Sources */,
				9DA5B98225DC5E9A00D52CEB /* HomeViewController.swift in Sources */,
				9DA5BAAC25DE501300D52CEB /* SearchViewController.swift in Sources */,
				9DA5BA2C25DD9C1600D52CEB /* CategoryViewModel.swift in Sources */,
				9DA5BA5325DDBDAF00D52CEB /* CellProtocol.swift in Sources */,
				9DA5B9B325DD19A300D52CEB /* ContentGroupTVCell.swift in Sources */,
				9DA5B9D825DD58B400D52CEB /* ContentCVExtendedCell.swift in Sources */,
				9DA5BA3125DD9C9500D52CEB /* CategoryCVCell.swift in Sources */,
				9DA5B90A25DC399200D52CEB /* URLParameterEncoder.swift in Sources */,
				9DA5B8FF25DC398A00D52CEB /* EndPointType.swift in Sources */,
				9DA5B9EF25DD6E9200D52CEB /* Config.swift in Sources */,
				9DA5BA2725DD9BDF00D52CEB /* CategoryViewController.swift in Sources */,
				9DA5B93525DC4E5400D52CEB /* ConfigResponseModel.swift in Sources */,
				9DA5B9FC25DD87D100D52CEB /* CategoryHeaderView.swift in Sources */,
				9DA5B98625DC5E9A00D52CEB /* ViewProtocol.swift in Sources */,
				9DA5B8EC25DC33A300D52CEB /* ConfigurableCell.swift in Sources */,
				9DA5B8B425DC311100D52CEB /* Keys.swift in Sources */,
				9DA5BAB125DE503700D52CEB /* SearchViewModel.swift in Sources */,
				9DA5B96525DC5DC600D52CEB /* TabbarViewController.swift in Sources */,
				9DA5BAE425DE7A2A00D52CEB /* ChooserPopoverViewModel.swift in Sources */,
				9DA5B8BB25DC314000D52CEB /* Credential.swift in Sources */,
				9DA5B95E25DC5DB500D52CEB /* TabbarItemController.swift in Sources */,
				9DA5B99025DC5F0D00D52CEB /* NSObject+Extension.swift in Sources */,
				9DA5B8E725DC336700D52CEB /* CellConfigModel.swift in Sources */,
				9DA5B89B25DC2F2D00D52CEB /* ConnectionManager.swift in Sources */,
				9DA5B9C325DD54B200D52CEB /* ContentModel.swift in Sources */,
				9DA5B91F25DC3C2A00D52CEB /* MovieDBErrorResponseModel.swift in Sources */,
				9DA5BA3D25DDACE400D52CEB /* ContentDetailView.swift in Sources */,
				9DA5B98825DC5E9A00D52CEB /* HomeViewModel.swift in Sources */,
				9DA5BAB625DE527200D52CEB /* SearchTVBasicCell.swift in Sources */,
				9DA5B99925DC6DFB00D52CEB /* UIViewController+Extension.swift in Sources */,
				9DA5B92925DC41E100D52CEB /* MediaTypeModel.swift in Sources */,
				9DA5B8D125DC32E200D52CEB /* CollectionDataSource.swift in Sources */,
				9DA5BADD25DE789B00D52CEB /* FilterOptionTableViewCell.swift in Sources */,
				9DA5B91625DC399900D52CEB /* MovieAPIProvider.swift in Sources */,
				9DA5B8FD25DC398900D52CEB /* Router.swift in Sources */,
				9DA5B8DD25DC331100D52CEB /* TableArrayDataSource.swift in Sources */,
				9DA5B8D825DC32F700D52CEB /* CollectionArrayDataSource.swift in Sources */,
				9DA5BAC925DE77CB00D52CEB /* ChooserPopoverTableViewController.swift in Sources */,
				9DA5B8CC25DC327600D52CEB /* GenericDataProvider.swift in Sources */,
				9DA5BAC225DE64DA00D52CEB /* SearchResponseModel.swift in Sources */,
				9DA5B91425DC399900D52CEB /* MovieDBAPI.swift in Sources */,
				9DA5B90325DC398A00D52CEB /* HTTPTask.swift in Sources */,
				9DA5B90125DC398A00D52CEB /* HTTPMethod.swift in Sources */,
				9DA5B9BC25DD298900D52CEB /* BaseTableView.swift in Sources */,
				9DA5B9AD25DC856000D52CEB /* UIView+Extension.swift in Sources */,
				9DA5B8C525DC325E00D52CEB /* ArrayDataProvider.swift in Sources */,
				9DA5B9E525DD67E800D52CEB /* BaseCollectionView.swift in Sources */,
				9DA5B9CD25DD566600D52CEB /* ContentCVBasicCell.swift in Sources */,
				9DA5BA0825DD956E00D52CEB /* UIColor+Extension.swift in Sources */,
				9DA5BA3625DDABCD00D52CEB /* ContentDetailViewController.swift in Sources */,
				9DA5B92425DC3DC100D52CEB /* TrendingResponseModel.swift in Sources */,
				9DA5B8E225DC332400D52CEB /* TableDataSource.swift in Sources */,
				9DA5BABB25DE5EAA00D52CEB /* CustomSearchBar.swift in Sources */,
				9DA5B93025DC428800D52CEB /* TimeWindowModel.swift in Sources */,
				9DA5B8F125DC33BA00D52CEB /* ReusableCell.swift in Sources */,
				9DA5B85525DC2DD900D52CEB /* AppDelegate.swift in Sources */,
			);
			runOnlyForDeploymentPostprocessing = 0;
		};
		9DA5B86C25DC2E0800D52CEB /* Sources */ = {
			isa = PBXSourcesBuildPhase;
			buildActionMask = 2147483647;
			files = (
				9DA5B90F25DC399200D52CEB /* ParameterEncoding.swift in Sources */,
				9DA5B90D25DC399200D52CEB /* JSONParameterEncoder.swift in Sources */,
				9DA5B98325DC5E9A00D52CEB /* HomeViewController.swift in Sources */,
				9DA5BAAD25DE501300D52CEB /* SearchViewController.swift in Sources */,
				9DA5BA2D25DD9C1600D52CEB /* CategoryViewModel.swift in Sources */,
				9DA5BA5425DDBDAF00D52CEB /* CellProtocol.swift in Sources */,
				9DA5B9B425DD19A300D52CEB /* ContentGroupTVCell.swift in Sources */,
				9DA5B9D925DD58B400D52CEB /* ContentCVExtendedCell.swift in Sources */,
				9DA5BA3225DD9C9500D52CEB /* CategoryCVCell.swift in Sources */,
				9DA5B90B25DC399200D52CEB /* URLParameterEncoder.swift in Sources */,
				9DA5B90025DC398A00D52CEB /* EndPointType.swift in Sources */,
				9DA5B9F025DD6E9200D52CEB /* Config.swift in Sources */,
				9DA5BA2825DD9BDF00D52CEB /* CategoryViewController.swift in Sources */,
				9DA5B93625DC4E5400D52CEB /* ConfigResponseModel.swift in Sources */,
				9DA5B9FD25DD87D100D52CEB /* CategoryHeaderView.swift in Sources */,
				9DA5B98725DC5E9A00D52CEB /* ViewProtocol.swift in Sources */,
				9DA5B8ED25DC33A300D52CEB /* ConfigurableCell.swift in Sources */,
				9DA5B8B525DC311100D52CEB /* Keys.swift in Sources */,
				9DA5BAB225DE503700D52CEB /* SearchViewModel.swift in Sources */,
				9DA5B96625DC5DC600D52CEB /* TabbarViewController.swift in Sources */,
				9DA5BAE525DE7A2A00D52CEB /* ChooserPopoverViewModel.swift in Sources */,
				9DA5B8BC25DC314000D52CEB /* Credential.swift in Sources */,
				9DA5B95F25DC5DB500D52CEB /* TabbarItemController.swift in Sources */,
				9DA5B99125DC5F0D00D52CEB /* NSObject+Extension.swift in Sources */,
				9DA5B8E825DC336700D52CEB /* CellConfigModel.swift in Sources */,
				9DA5B89C25DC2F2D00D52CEB /* ConnectionManager.swift in Sources */,
				9DA5B9C425DD54B200D52CEB /* ContentModel.swift in Sources */,
				9DA5B92025DC3C2A00D52CEB /* MovieDBErrorResponseModel.swift in Sources */,
				9DA5BA3E25DDACE400D52CEB /* ContentDetailView.swift in Sources */,
				9DA5B98925DC5E9A00D52CEB /* HomeViewModel.swift in Sources */,
				9DA5BAB725DE527200D52CEB /* SearchTVBasicCell.swift in Sources */,
				9DA5B99A25DC6DFB00D52CEB /* UIViewController+Extension.swift in Sources */,
				9DA5B92A25DC41E100D52CEB /* MediaTypeModel.swift in Sources */,
				9DA5B8D225DC32E200D52CEB /* CollectionDataSource.swift in Sources */,
				9DA5BADE25DE789B00D52CEB /* FilterOptionTableViewCell.swift in Sources */,
				9DA5B91725DC399900D52CEB /* MovieAPIProvider.swift in Sources */,
				9DA5B8FE25DC398A00D52CEB /* Router.swift in Sources */,
				9DA5B8DE25DC331100D52CEB /* TableArrayDataSource.swift in Sources */,
				9DA5B8D925DC32F700D52CEB /* CollectionArrayDataSource.swift in Sources */,
				9DA5BACA25DE77CB00D52CEB /* ChooserPopoverTableViewController.swift in Sources */,
				9DA5B8CD25DC327600D52CEB /* GenericDataProvider.swift in Sources */,
				9DA5BAC325DE64DA00D52CEB /* SearchResponseModel.swift in Sources */,
				9DA5B91525DC399900D52CEB /* MovieDBAPI.swift in Sources */,
				9DA5B90425DC398A00D52CEB /* HTTPTask.swift in Sources */,
				9DA5B90225DC398A00D52CEB /* HTTPMethod.swift in Sources */,
				9DA5B9BD25DD298900D52CEB /* BaseTableView.swift in Sources */,
				9DA5B9AE25DC856000D52CEB /* UIView+Extension.swift in Sources */,
				9DA5B8C625DC325E00D52CEB /* ArrayDataProvider.swift in Sources */,
				9DA5B9E625DD67E800D52CEB /* BaseCollectionView.swift in Sources */,
				9DA5B9CE25DD566600D52CEB /* ContentCVBasicCell.swift in Sources */,
				9DA5BA0925DD956E00D52CEB /* UIColor+Extension.swift in Sources */,
				9DA5BA3725DDABCD00D52CEB /* ContentDetailViewController.swift in Sources */,
				9DA5B92525DC3DC100D52CEB /* TrendingResponseModel.swift in Sources */,
				9DA5B8E325DC332400D52CEB /* TableDataSource.swift in Sources */,
				9DA5BABC25DE5EAA00D52CEB /* CustomSearchBar.swift in Sources */,
				9DA5B93125DC428800D52CEB /* TimeWindowModel.swift in Sources */,
				9DA5B8F225DC33BA00D52CEB /* ReusableCell.swift in Sources */,
				9DA5B86E25DC2E0800D52CEB /* AppDelegate.swift in Sources */,
			);
			runOnlyForDeploymentPostprocessing = 0;
		};
/* End PBXSourcesBuildPhase section */

/* Begin PBXVariantGroup section */
		9DA5B85A25DC2DD900D52CEB /* Main.storyboard */ = {
			isa = PBXVariantGroup;
			children = (
				9DA5B85B25DC2DD900D52CEB /* Base */,
			);
			name = Main.storyboard;
			sourceTree = "<group>";
		};
		9DA5B85F25DC2DDB00D52CEB /* LaunchScreen.storyboard */ = {
			isa = PBXVariantGroup;
			children = (
				9DA5B86025DC2DDB00D52CEB /* Base */,
			);
			name = LaunchScreen.storyboard;
			sourceTree = "<group>";
		};
/* End PBXVariantGroup section */

/* Begin XCBuildConfiguration section */
		9DA5B86325DC2DDB00D52CEB /* Debug */ = {
			isa = XCBuildConfiguration;
			buildSettings = {
				ALWAYS_SEARCH_USER_PATHS = NO;
				CLANG_ANALYZER_NONNULL = YES;
				CLANG_ANALYZER_NUMBER_OBJECT_CONVERSION = YES_AGGRESSIVE;
				CLANG_CXX_LANGUAGE_STANDARD = "gnu++14";
				CLANG_CXX_LIBRARY = "libc++";
				CLANG_ENABLE_MODULES = YES;
				CLANG_ENABLE_OBJC_ARC = YES;
				CLANG_ENABLE_OBJC_WEAK = YES;
				CLANG_WARN_BLOCK_CAPTURE_AUTORELEASING = YES;
				CLANG_WARN_BOOL_CONVERSION = YES;
				CLANG_WARN_COMMA = YES;
				CLANG_WARN_CONSTANT_CONVERSION = YES;
				CLANG_WARN_DEPRECATED_OBJC_IMPLEMENTATIONS = YES;
				CLANG_WARN_DIRECT_OBJC_ISA_USAGE = YES_ERROR;
				CLANG_WARN_DOCUMENTATION_COMMENTS = YES;
				CLANG_WARN_EMPTY_BODY = YES;
				CLANG_WARN_ENUM_CONVERSION = YES;
				CLANG_WARN_INFINITE_RECURSION = YES;
				CLANG_WARN_INT_CONVERSION = YES;
				CLANG_WARN_NON_LITERAL_NULL_CONVERSION = YES;
				CLANG_WARN_OBJC_IMPLICIT_RETAIN_SELF = YES;
				CLANG_WARN_OBJC_LITERAL_CONVERSION = YES;
				CLANG_WARN_OBJC_ROOT_CLASS = YES_ERROR;
				CLANG_WARN_QUOTED_INCLUDE_IN_FRAMEWORK_HEADER = YES;
				CLANG_WARN_RANGE_LOOP_ANALYSIS = YES;
				CLANG_WARN_STRICT_PROTOTYPES = YES;
				CLANG_WARN_SUSPICIOUS_MOVE = YES;
				CLANG_WARN_UNGUARDED_AVAILABILITY = YES_AGGRESSIVE;
				CLANG_WARN_UNREACHABLE_CODE = YES;
				CLANG_WARN__DUPLICATE_METHOD_MATCH = YES;
				COPY_PHASE_STRIP = NO;
				DEBUG_INFORMATION_FORMAT = dwarf;
				ENABLE_STRICT_OBJC_MSGSEND = YES;
				ENABLE_TESTABILITY = YES;
				GCC_C_LANGUAGE_STANDARD = gnu11;
				GCC_DYNAMIC_NO_PIC = NO;
				GCC_NO_COMMON_BLOCKS = YES;
				GCC_OPTIMIZATION_LEVEL = 0;
				GCC_PREPROCESSOR_DEFINITIONS = (
					"DEBUG=1",
					"$(inherited)",
				);
				GCC_WARN_64_TO_32_BIT_CONVERSION = YES;
				GCC_WARN_ABOUT_RETURN_TYPE = YES_ERROR;
				GCC_WARN_UNDECLARED_SELECTOR = YES;
				GCC_WARN_UNINITIALIZED_AUTOS = YES_AGGRESSIVE;
				GCC_WARN_UNUSED_FUNCTION = YES;
				GCC_WARN_UNUSED_VARIABLE = YES;
				IPHONEOS_DEPLOYMENT_TARGET = 14.4;
				MTL_ENABLE_DEBUG_INFO = INCLUDE_SOURCE;
				MTL_FAST_MATH = YES;
				ONLY_ACTIVE_ARCH = YES;
				SDKROOT = iphoneos;
				SWIFT_ACTIVE_COMPILATION_CONDITIONS = DEBUG;
				SWIFT_OPTIMIZATION_LEVEL = "-Onone";
			};
			name = Debug;
		};
		9DA5B86425DC2DDB00D52CEB /* Release */ = {
			isa = XCBuildConfiguration;
			buildSettings = {
				ALWAYS_SEARCH_USER_PATHS = NO;
				CLANG_ANALYZER_NONNULL = YES;
				CLANG_ANALYZER_NUMBER_OBJECT_CONVERSION = YES_AGGRESSIVE;
				CLANG_CXX_LANGUAGE_STANDARD = "gnu++14";
				CLANG_CXX_LIBRARY = "libc++";
				CLANG_ENABLE_MODULES = YES;
				CLANG_ENABLE_OBJC_ARC = YES;
				CLANG_ENABLE_OBJC_WEAK = YES;
				CLANG_WARN_BLOCK_CAPTURE_AUTORELEASING = YES;
				CLANG_WARN_BOOL_CONVERSION = YES;
				CLANG_WARN_COMMA = YES;
				CLANG_WARN_CONSTANT_CONVERSION = YES;
				CLANG_WARN_DEPRECATED_OBJC_IMPLEMENTATIONS = YES;
				CLANG_WARN_DIRECT_OBJC_ISA_USAGE = YES_ERROR;
				CLANG_WARN_DOCUMENTATION_COMMENTS = YES;
				CLANG_WARN_EMPTY_BODY = YES;
				CLANG_WARN_ENUM_CONVERSION = YES;
				CLANG_WARN_INFINITE_RECURSION = YES;
				CLANG_WARN_INT_CONVERSION = YES;
				CLANG_WARN_NON_LITERAL_NULL_CONVERSION = YES;
				CLANG_WARN_OBJC_IMPLICIT_RETAIN_SELF = YES;
				CLANG_WARN_OBJC_LITERAL_CONVERSION = YES;
				CLANG_WARN_OBJC_ROOT_CLASS = YES_ERROR;
				CLANG_WARN_QUOTED_INCLUDE_IN_FRAMEWORK_HEADER = YES;
				CLANG_WARN_RANGE_LOOP_ANALYSIS = YES;
				CLANG_WARN_STRICT_PROTOTYPES = YES;
				CLANG_WARN_SUSPICIOUS_MOVE = YES;
				CLANG_WARN_UNGUARDED_AVAILABILITY = YES_AGGRESSIVE;
				CLANG_WARN_UNREACHABLE_CODE = YES;
				CLANG_WARN__DUPLICATE_METHOD_MATCH = YES;
				COPY_PHASE_STRIP = NO;
				DEBUG_INFORMATION_FORMAT = "dwarf-with-dsym";
				ENABLE_NS_ASSERTIONS = NO;
				ENABLE_STRICT_OBJC_MSGSEND = YES;
				GCC_C_LANGUAGE_STANDARD = gnu11;
				GCC_NO_COMMON_BLOCKS = YES;
				GCC_WARN_64_TO_32_BIT_CONVERSION = YES;
				GCC_WARN_ABOUT_RETURN_TYPE = YES_ERROR;
				GCC_WARN_UNDECLARED_SELECTOR = YES;
				GCC_WARN_UNINITIALIZED_AUTOS = YES_AGGRESSIVE;
				GCC_WARN_UNUSED_FUNCTION = YES;
				GCC_WARN_UNUSED_VARIABLE = YES;
				IPHONEOS_DEPLOYMENT_TARGET = 14.4;
				MTL_ENABLE_DEBUG_INFO = NO;
				MTL_FAST_MATH = YES;
				SDKROOT = iphoneos;
				SWIFT_COMPILATION_MODE = wholemodule;
				SWIFT_OPTIMIZATION_LEVEL = "-O";
				VALIDATE_PRODUCT = YES;
			};
			name = Release;
		};
		9DA5B86625DC2DDB00D52CEB /* Debug */ = {
			isa = XCBuildConfiguration;
			buildSettings = {
				ASSETCATALOG_COMPILER_APPICON_NAME = AppIcon;
				ASSETCATALOG_COMPILER_GLOBAL_ACCENT_COLOR_NAME = AccentColor;
				CODE_SIGN_STYLE = Automatic;
				DEVELOPMENT_TEAM = XKV928L8PN;
				INFOPLIST_FILE = "$(SRCROOT)/TheMovieDBAPI/TheMovieDBAPIProd.plist";
				IPHONEOS_DEPLOYMENT_TARGET = 11.0;
				LD_RUNPATH_SEARCH_PATHS = (
					"$(inherited)",
					"@executable_path/Frameworks",
				);
				PRODUCT_BUNDLE_IDENTIFIER = tr.umutserifler.TheMovieDBAPI;
				PRODUCT_NAME = "$(TARGET_NAME)";
				SWIFT_VERSION = 5.0;
				TARGETED_DEVICE_FAMILY = "1,2";
			};
			name = Debug;
		};
		9DA5B86725DC2DDB00D52CEB /* Release */ = {
			isa = XCBuildConfiguration;
			buildSettings = {
				ASSETCATALOG_COMPILER_APPICON_NAME = AppIcon;
				ASSETCATALOG_COMPILER_GLOBAL_ACCENT_COLOR_NAME = AccentColor;
				CODE_SIGN_STYLE = Automatic;
				DEVELOPMENT_TEAM = XKV928L8PN;
				INFOPLIST_FILE = "$(SRCROOT)/TheMovieDBAPI/TheMovieDBAPIProd.plist";
				IPHONEOS_DEPLOYMENT_TARGET = 11.0;
				LD_RUNPATH_SEARCH_PATHS = (
					"$(inherited)",
					"@executable_path/Frameworks",
				);
				PRODUCT_BUNDLE_IDENTIFIER = tr.umutserifler.TheMovieDBAPI;
				PRODUCT_NAME = "$(TARGET_NAME)";
				SWIFT_VERSION = 5.0;
				TARGETED_DEVICE_FAMILY = "1,2";
			};
			name = Release;
		};
		9DA5B87525DC2E0800D52CEB /* Debug */ = {
			isa = XCBuildConfiguration;
			buildSettings = {
				ASSETCATALOG_COMPILER_APPICON_NAME = AppIcon;
				ASSETCATALOG_COMPILER_GLOBAL_ACCENT_COLOR_NAME = AccentColor;
				CODE_SIGN_STYLE = Automatic;
				DEVELOPMENT_TEAM = XKV928L8PN;
				INFOPLIST_FILE = "$(SRCROOT)/TheMovieDBAPI/TheMovieDBAPIDev.plist";
				IPHONEOS_DEPLOYMENT_TARGET = 11.0;
				LD_RUNPATH_SEARCH_PATHS = (
					"$(inherited)",
					"@executable_path/Frameworks",
				);
				PRODUCT_BUNDLE_IDENTIFIER = tr.umutserifler.TheMovieDBAPI;
				PRODUCT_NAME = "$(TARGET_NAME)";
				SWIFT_VERSION = 5.0;
				TARGETED_DEVICE_FAMILY = "1,2";
			};
			name = Debug;
		};
		9DA5B87625DC2E0800D52CEB /* Release */ = {
			isa = XCBuildConfiguration;
			buildSettings = {
				ASSETCATALOG_COMPILER_APPICON_NAME = AppIcon;
				ASSETCATALOG_COMPILER_GLOBAL_ACCENT_COLOR_NAME = AccentColor;
				CODE_SIGN_STYLE = Automatic;
				DEVELOPMENT_TEAM = XKV928L8PN;
				INFOPLIST_FILE = "$(SRCROOT)/TheMovieDBAPI/TheMovieDBAPIDev.plist";
				IPHONEOS_DEPLOYMENT_TARGET = 11.0;
				LD_RUNPATH_SEARCH_PATHS = (
					"$(inherited)",
					"@executable_path/Frameworks",
				);
				PRODUCT_BUNDLE_IDENTIFIER = tr.umutserifler.TheMovieDBAPI;
				PRODUCT_NAME = "$(TARGET_NAME)";
				SWIFT_VERSION = 5.0;
				TARGETED_DEVICE_FAMILY = "1,2";
			};
			name = Release;
		};
/* End XCBuildConfiguration section */

/* Begin XCConfigurationList section */
		9DA5B84C25DC2DD900D52CEB /* Build configuration list for PBXProject "TheMovieDBAPI" */ = {
			isa = XCConfigurationList;
			buildConfigurations = (
				9DA5B86325DC2DDB00D52CEB /* Debug */,
				9DA5B86425DC2DDB00D52CEB /* Release */,
			);
			defaultConfigurationIsVisible = 0;
			defaultConfigurationName = Release;
		};
		9DA5B86525DC2DDB00D52CEB /* Build configuration list for PBXNativeTarget "TheMovieDBAPIProd" */ = {
			isa = XCConfigurationList;
			buildConfigurations = (
				9DA5B86625DC2DDB00D52CEB /* Debug */,
				9DA5B86725DC2DDB00D52CEB /* Release */,
			);
			defaultConfigurationIsVisible = 0;
			defaultConfigurationName = Release;
		};
		9DA5B87425DC2E0800D52CEB /* Build configuration list for PBXNativeTarget "TheMovieDBAPIDev" */ = {
			isa = XCConfigurationList;
			buildConfigurations = (
				9DA5B87525DC2E0800D52CEB /* Debug */,
				9DA5B87625DC2E0800D52CEB /* Release */,
			);
			defaultConfigurationIsVisible = 0;
			defaultConfigurationName = Release;
		};
/* End XCConfigurationList section */
	};
	rootObject = 9DA5B84925DC2DD900D52CEB /* Project object */;
}
